{
  "name": "wdio-test-orchestration-example",
  "version": "1.0.0",
  "lockfileVersion": 3,
  "requires": true,
  "packages": {
    "": {
      "name": "wdio-test-orchestration-example",
      "version": "1.0.0",
      "license": "ISC",
      "devDependencies": {
        "@wdio/browserstack-service": "file:../../packages/wdio-browserstack-service",
        "@wdio/cli": "file:../../packages/wdio-cli",
        "@wdio/local-runner": "file:../../packages/wdio-local-runner",
        "@wdio/mocha-framework": "file:../../packages/wdio-mocha-framework",
        "@wdio/spec-reporter": "file:../../packages/wdio-spec-reporter",
        "webdriverio": "file:../../packages/webdriverio"
      }
    },
    "../../packages/wdio-browserstack-service": {
      "name": "@wdio/browserstack-service",
      "version": "8.46.0",
      "dev": true,
      "license": "MIT",
      "dependencies": {
        "@browserstack/ai-sdk-node": "1.5.17",
        "@percy/appium-app": "^2.0.1",
        "@percy/selenium-webdriver": "^2.0.3",
        "@types/gitconfiglocal": "^2.0.1",
        "@wdio/logger": "8.38.0",
        "@wdio/reporter": "8.43.0",
        "@wdio/types": "8.41.0",
        "browserstack-local": "^1.5.1",
        "chalk": "^5.3.0",
        "csv-writer": "^1.6.0",
        "formdata-node": "5.0.1",
        "git-repo-info": "^2.1.1",
        "gitconfiglocal": "^2.1.0",
        "got": "^12.6.1",
        "uuid": "^10.0.0",
        "webdriverio": "8.46.0",
        "winston-transport": "^4.5.0",
        "yauzl": "^3.0.0"
      },
      "devDependencies": {
        "@types/node": "^22.2.0",
        "@wdio/globals": "8.46.0"
      },
      "engines": {
        "node": "^16.13 || >=18"
      },
      "peerDependencies": {
        "@wdio/cli": "^5.0.0 || ^6.0.0 || ^7.0.0 || ^8.0.0"
      }
    },
    "../../packages/wdio-cli": {
      "name": "@wdio/cli",
      "version": "8.46.0",
      "dev": true,
      "license": "MIT",
      "dependencies": {
        "@types/node": "^22.2.0",
        "@vitest/snapshot": "^2.0.4",
        "@wdio/config": "8.46.0",
        "@wdio/globals": "8.46.0",
        "@wdio/logger": "8.38.0",
        "@wdio/protocols": "8.44.0",
        "@wdio/types": "8.41.0",
        "@wdio/utils": "8.46.0",
        "async-exit-hook": "^2.0.1",
        "chalk": "^5.2.0",
        "chokidar": "^4.0.0",
        "cli-spinners": "^2.9.0",
        "dotenv": "^16.3.1",
        "ejs": "^3.1.9",
        "execa": "^8.0.1",
        "import-meta-resolve": "^4.0.0",
        "inquirer": "9.2.12",
        "lodash.flattendeep": "^4.4.0",
        "lodash.pickby": "^4.6.0",
        "lodash.union": "^4.6.0",
        "read-pkg-up": "10.0.0",
        "recursive-readdir": "^2.2.3",
        "webdriverio": "8.46.0",
        "yargs": "^17.7.2"
      },
      "bin": {
        "wdio": "bin/wdio.js"
      },
      "devDependencies": {
        "@types/async-exit-hook": "^2.0.0",
        "@types/ejs": "^3.1.2",
        "@types/inquirer": "^9.0.3",
        "@types/lodash.flattendeep": "^4.4.7",
        "@types/lodash.pickby": "^4.6.7",
        "@types/lodash.union": "^4.6.7",
        "@types/recursive-readdir": "^2.2.1",
        "@types/yargs": "^17.0.24"
      },
      "engines": {
        "node": "^16.13 || >=18"
      }
    },
    "../../packages/wdio-local-runner": {
      "name": "@wdio/local-runner",
      "version": "8.46.0",
      "dev": true,
      "license": "MIT",
      "dependencies": {
        "@types/node": "^22.2.0",
        "@wdio/logger": "8.38.0",
        "@wdio/repl": "8.40.3",
        "@wdio/runner": "8.46.0",
        "@wdio/types": "8.41.0",
        "async-exit-hook": "^2.0.1",
        "split2": "^4.1.0",
        "stream-buffers": "^3.0.2"
      },
      "devDependencies": {
        "@types/async-exit-hook": "^2.0.0",
        "@types/stream-buffers": "^3.0.4"
      },
      "engines": {
        "node": "^16.13 || >=18"
      }
    },
    "../../packages/wdio-mocha-framework": {
      "name": "@wdio/mocha-framework",
      "version": "8.46.0",
      "dev": true,
      "license": "MIT",
      "dependencies": {
        "@types/mocha": "^10.0.0",
        "@types/node": "^22.2.0",
        "@wdio/logger": "8.38.0",
        "@wdio/types": "8.41.0",
        "@wdio/utils": "8.46.0",
        "mocha": "^10.0.0"
      },
      "engines": {
        "node": "^16.13 || >=18"
      }
    },
    "../../packages/wdio-spec-reporter": {
      "name": "@wdio/spec-reporter",
      "version": "8.43.0",
      "dev": true,
      "license": "MIT",
      "dependencies": {
        "@wdio/reporter": "8.43.0",
        "@wdio/types": "8.41.0",
        "chalk": "^5.1.2",
        "easy-table": "^1.2.0",
        "pretty-ms": "^7.0.0"
      },
      "engines": {
        "node": "^16.13 || >=18"
      }
    },
    "../../packages/webdriverio": {
      "version": "8.46.0",
      "dev": true,
      "license": "MIT",
      "dependencies": {
        "@types/node": "^22.2.0",
        "@wdio/config": "8.46.0",
        "@wdio/logger": "8.38.0",
        "@wdio/protocols": "8.44.0",
        "@wdio/repl": "8.40.3",
        "@wdio/types": "8.41.0",
        "@wdio/utils": "8.46.0",
        "archiver": "^7.0.0",
        "aria-query": "^5.0.0",
        "css-shorthand-properties": "^1.1.1",
        "css-value": "^0.0.1",
        "devtools-protocol": "^0.0.1400418",
        "grapheme-splitter": "^1.0.2",
        "import-meta-resolve": "^4.0.0",
        "is-plain-obj": "^4.1.0",
        "jszip": "^3.10.1",
        "lodash.clonedeep": "^4.5.0",
        "lodash.zip": "^4.2.0",
        "minimatch": "^9.0.0",
        "puppeteer-core": "^21.11.0",
        "query-selector-shadow-dom": "^1.0.0",
        "resq": "^1.9.1",
        "rgb2hex": "0.2.5",
        "serialize-error": "^11.0.1",
        "webdriver": "8.46.0"
      },
      "devDependencies": {
        "@types/archiver": "^6.0.2",
        "@types/aria-query": "^5.0.0",
        "@types/lodash.clonedeep": "^4.5.6",
        "@types/lodash.zip": "^4.2.6",
        "got": "^12.6.0"
      },
      "engines": {
        "node": "^16.13 || >=18"
      },
      "peerDependencies": {
        "devtools": "^8.14.0"
      },
      "peerDependenciesMeta": {
        "devtools": {
          "optional": true
        }
      }
    },
    "node_modules/@wdio/browserstack-service": {
      "resolved": "../../packages/wdio-browserstack-service",
      "link": true
    },
    "node_modules/@wdio/cli": {
      "resolved": "../../packages/wdio-cli",
      "link": true
    },
    "node_modules/@wdio/local-runner": {
      "resolved": "../../packages/wdio-local-runner",
      "link": true
    },
    "node_modules/@wdio/mocha-framework": {
      "resolved": "../../packages/wdio-mocha-framework",
      "link": true
    },
    "node_modules/@wdio/spec-reporter": {
      "resolved": "../../packages/wdio-spec-reporter",
      "link": true
    },
    "node_modules/webdriverio": {
      "resolved": "../../packages/webdriverio",
      "link": true
    }
  }
}
